
Microsoft Visual Studio Solution File, Format Version 12.00
# Visual Studio Version 16
VisualStudioVersion = 16.0.31105.61
MinimumVisualStudioVersion = 10.0.40219.1
Project("{FAE04EC0-301F-11D3-BF4B-00C04F79EFBC}") = "4.1_Mod_Pract", "4.1_Mod_Pract.csproj", "{FE257277-A4DE-41C7-ABC4-6A343BAA7FC2}"
EndProject
Global
	GlobalSection(SolutionConfigurationPlatforms) = preSolution
		Debug|Any CPU = Debug|Any CPU
		Release|Any CPU = Release|Any CPU
	EndGlobalSection
	GlobalSection(ProjectConfigurationPlatforms) = postSolution
		{FE257277-A4DE-41C7-ABC4-6A343BAA7FC2}.Debug|Any CPU.ActiveCfg = Debug|Any CPU
		{FE257277-A4DE-41C7-ABC4-6A343BAA7FC2}.Debug|Any CPU.Build.0 = Debug|Any CPU
		{FE257277-A4DE-41C7-ABC4-6A343BAA7FC2}.Release|Any CPU.ActiveCfg = Release|Any CPU
		{FE257277-A4DE-41C7-ABC4-6A343BAA7FC2}.Release|Any CPU.Build.0 = Release|Any CPU
	EndGlobalSection
	GlobalSection(SolutionProperties) = preSolution
		HideSolutionNode = FALSE
	EndGlobalSection
	GlobalSection(ExtensibilityGlobals) = postSolution
		SolutionGuid = {3AFFF7B0-CAB6-416F-B2A4-8C7B23D9ED1A}
	EndGlobalSection
EndGlobal
